
Microsoft Visual Studio Solution File, Format Version 12.00
# Visual Studio Version 17
VisualStudioVersion = 17.14.36623.8 d17.14
MinimumVisualStudioVersion = 10.0.40219.1
Project("{2150E333-8FDC-42A3-9474-1A3956D46DE8}") = "Task0", "Task0", "{02EA681E-C7D8-13C7-8484-4AC65E1B71E8}"
EndProject
Project("{FAE04EC0-301F-11D3-BF4B-00C04F79EFBC}") = "Tyuiu.RadkoVO.Sprint5.Task0.V6", "Tyuiu.RadkoVO.Sprint5.Task0.V6\Tyuiu.RadkoVO.Sprint5.Task0.V6.csproj", "{3BB76700-2CFD-431C-9D1B-FB4A81F3E69A}"
EndProject
Project("{FAE04EC0-301F-11D3-BF4B-00C04F79EFBC}") = "Tyuiu.RadkoVO.Sprint5.Task0.V6.Lib", "Tyuiu.RadkoVO.Sprint5.Task0.V6.Lib\Tyuiu.RadkoVO.Sprint5.Task0.V6.Lib.csproj", "{A3CCD440-B84C-40D6-BE71-2A1670D56DA2}"
EndProject
Project("{FAE04EC0-301F-11D3-BF4B-00C04F79EFBC}") = "Tyuiu.RadkoVO.Sprint5.Task0.V6.Test", "Tyuiu.RadkoVO.Sprint5.Task0.V6.Test\Tyuiu.RadkoVO.Sprint5.Task0.V6.Test.csproj", "{2FED52CA-B7A9-4ED8-91E8-26F5200FCFAE}"
EndProject
Project("{2150E333-8FDC-42A3-9474-1A3956D46DE8}") = "Task1", "Task1", "{4B6B7232-A082-44BE-BC0E-DD02961C6370}"
EndProject
Project("{FAE04EC0-301F-11D3-BF4B-00C04F79EFBC}") = "Tyuiu.RadkoVO.Sprint5.Task1.V14", "Tyuiu.RadkoVO.Sprint5.Task1.V14\Tyuiu.RadkoVO.Sprint5.Task1.V14.csproj", "{7099754A-71EB-40CF-BF60-40FF3167783D}"
EndProject
Project("{FAE04EC0-301F-11D3-BF4B-00C04F79EFBC}") = "Tyuiu.RadkoVO.Sprint5.Task1.V14.Lib", "Tyuiu.RadkoVO.Sprint5.Task1.V14.Lib\Tyuiu.RadkoVO.Sprint5.Task1.V14.Lib.csproj", "{FABF137A-E930-44EB-8E92-EBDE6B1EB01B}"
EndProject
Project("{FAE04EC0-301F-11D3-BF4B-00C04F79EFBC}") = "Tyuiu.RadkoVO.Sprint5.Task1.V14.Test", "Tyuiu.RadkoVO.Sprint5.Task1.V14.Test\Tyuiu.RadkoVO.Sprint5.Task1.V14.Test.csproj", "{3F3E9559-B29D-4A49-9931-B4B8DE78AD19}"
EndProject
Global
	GlobalSection(SolutionConfigurationPlatforms) = preSolution
		Debug|Any CPU = Debug|Any CPU
		Release|Any CPU = Release|Any CPU
	EndGlobalSection
	GlobalSection(ProjectConfigurationPlatforms) = postSolution
		{3BB76700-2CFD-431C-9D1B-FB4A81F3E69A}.Debug|Any CPU.ActiveCfg = Debug|Any CPU
		{3BB76700-2CFD-431C-9D1B-FB4A81F3E69A}.Debug|Any CPU.Build.0 = Debug|Any CPU
		{3BB76700-2CFD-431C-9D1B-FB4A81F3E69A}.Release|Any CPU.ActiveCfg = Release|Any CPU
		{3BB76700-2CFD-431C-9D1B-FB4A81F3E69A}.Release|Any CPU.Build.0 = Release|Any CPU
		{A3CCD440-B84C-40D6-BE71-2A1670D56DA2}.Debug|Any CPU.ActiveCfg = Debug|Any CPU
		{A3CCD440-B84C-40D6-BE71-2A1670D56DA2}.Debug|Any CPU.Build.0 = Debug|Any CPU
		{A3CCD440-B84C-40D6-BE71-2A1670D56DA2}.Release|Any CPU.ActiveCfg = Release|Any CPU
		{A3CCD440-B84C-40D6-BE71-2A1670D56DA2}.Release|Any CPU.Build.0 = Release|Any CPU
		{2FED52CA-B7A9-4ED8-91E8-26F5200FCFAE}.Debug|Any CPU.ActiveCfg = Debug|Any CPU
		{2FED52CA-B7A9-4ED8-91E8-26F5200FCFAE}.Debug|Any CPU.Build.0 = Debug|Any CPU
		{2FED52CA-B7A9-4ED8-91E8-26F5200FCFAE}.Release|Any CPU.ActiveCfg = Release|Any CPU
		{2FED52CA-B7A9-4ED8-91E8-26F5200FCFAE}.Release|Any CPU.Build.0 = Release|Any CPU
		{7099754A-71EB-40CF-BF60-40FF3167783D}.Debug|Any CPU.ActiveCfg = Debug|Any CPU
		{7099754A-71EB-40CF-BF60-40FF3167783D}.Debug|Any CPU.Build.0 = Debug|Any CPU
		{7099754A-71EB-40CF-BF60-40FF3167783D}.Release|Any CPU.ActiveCfg = Release|Any CPU
		{7099754A-71EB-40CF-BF60-40FF3167783D}.Release|Any CPU.Build.0 = Release|Any CPU
		{FABF137A-E930-44EB-8E92-EBDE6B1EB01B}.Debug|Any CPU.ActiveCfg = Debug|Any CPU
		{FABF137A-E930-44EB-8E92-EBDE6B1EB01B}.Debug|Any CPU.Build.0 = Debug|Any CPU
		{FABF137A-E930-44EB-8E92-EBDE6B1EB01B}.Release|Any CPU.ActiveCfg = Release|Any CPU
		{FABF137A-E930-44EB-8E92-EBDE6B1EB01B}.Release|Any CPU.Build.0 = Release|Any CPU
		{3F3E9559-B29D-4A49-9931-B4B8DE78AD19}.Debug|Any CPU.ActiveCfg = Debug|Any CPU
		{3F3E9559-B29D-4A49-9931-B4B8DE78AD19}.Debug|Any CPU.Build.0 = Debug|Any CPU
		{3F3E9559-B29D-4A49-9931-B4B8DE78AD19}.Release|Any CPU.ActiveCfg = Release|Any CPU
		{3F3E9559-B29D-4A49-9931-B4B8DE78AD19}.Release|Any CPU.Build.0 = Release|Any CPU
	EndGlobalSection
	GlobalSection(SolutionProperties) = preSolution
		HideSolutionNode = FALSE
	EndGlobalSection
	GlobalSection(NestedProjects) = preSolution
		{3BB76700-2CFD-431C-9D1B-FB4A81F3E69A} = {02EA681E-C7D8-13C7-8484-4AC65E1B71E8}
		{A3CCD440-B84C-40D6-BE71-2A1670D56DA2} = {02EA681E-C7D8-13C7-8484-4AC65E1B71E8}
		{2FED52CA-B7A9-4ED8-91E8-26F5200FCFAE} = {02EA681E-C7D8-13C7-8484-4AC65E1B71E8}
		{7099754A-71EB-40CF-BF60-40FF3167783D} = {4B6B7232-A082-44BE-BC0E-DD02961C6370}
		{FABF137A-E930-44EB-8E92-EBDE6B1EB01B} = {4B6B7232-A082-44BE-BC0E-DD02961C6370}
		{3F3E9559-B29D-4A49-9931-B4B8DE78AD19} = {4B6B7232-A082-44BE-BC0E-DD02961C6370}
	EndGlobalSection
	GlobalSection(ExtensibilityGlobals) = postSolution
		SolutionGuid = {96A3667A-5286-49A8-BD41-332E0171BDD4}
	EndGlobalSection
EndGlobal
